// !$*UTF8*$!
{
	archiveVersion = 1;
	classes = {
	};
	objectVersion = 48;
	objects = {

/* Begin PBXBuildFile section */
		46D6865E201F1DC600521590 /* AppDelegate.m in Sources */ = {isa = PBXBuildFile; fileRef = 46D6865D201F1DC600521590 /* AppDelegate.m */; };
		46D68661201F1DC600521590 /* ViewController.m in Sources */ = {isa = PBXBuildFile; fileRef = 46D68660201F1DC600521590 /* ViewController.m */; };
		46D68664201F1DC600521590 /* Main.storyboard in Resources */ = {isa = PBXBuildFile; fileRef = 46D68662201F1DC600521590 /* Main.storyboard */; };
		46D68666201F1DC600521590 /* Assets.xcassets in Resources */ = {isa = PBXBuildFile; fileRef = 46D68665201F1DC600521590 /* Assets.xcassets */; };
		46D68669201F1DC600521590 /* LaunchScreen.storyboard in Resources */ = {isa = PBXBuildFile; fileRef = 46D68667201F1DC600521590 /* LaunchScreen.storyboard */; };
		46D6866C201F1DC600521590 /* main.m in Sources */ = {isa = PBXBuildFile; fileRef = 46D6866B201F1DC600521590 /* main.m */; };
		46D68678201F29A200521590 /* ZYSGoodsDetailServiceProvide.m in Sources */ = {isa = PBXBuildFile; fileRef = 46D68677201F29A200521590 /* ZYSGoodsDetailServiceProvide.m */; };
		46D6867B201F29C100521590 /* ZYSGoodsDetailViewController.m in Sources */ = {isa = PBXBuildFile; fileRef = 46D6867A201F29C100521590 /* ZYSGoodsDetailViewController.m */; };
		5345FED1C7B3B285B128225A /* libPods-ZYSGoodsDetail.a in Frameworks */ = {isa = PBXBuildFile; fileRef = F30D7B8FFC66A9A11CD527D9 /* libPods-ZYSGoodsDetail.a */; };
/* End PBXBuildFile section */

/* Begin PBXFileReference section */
		42B81AD67CDAB83FB8965470 /* Pods-ZYSGoodsDetail.debug.xcconfig */ = {isa = PBXFileReference; includeInIndex = 1; lastKnownFileType = text.xcconfig; name = "Pods-ZYSGoodsDetail.debug.xcconfig"; path = "Pods/Target Support Files/Pods-ZYSGoodsDetail/Pods-ZYSGoodsDetail.debug.xcconfig"; sourceTree = "<group>"; };
		46D68659201F1DC600521590 /* ZYSGoodsDetail.app */ = {isa = PBXFileReference; explicitFileType = wrapper.application; includeInIndex = 0; path = ZYSGoodsDetail.app; sourceTree = BUILT_PRODUCTS_DIR; };
		46D6865C201F1DC600521590 /* AppDelegate.h */ = {isa = PBXFileReference; lastKnownFileType = sourcecode.c.h; path = AppDelegate.h; sourceTree = "<group>"; };
		46D6865D201F1DC600521590 /* AppDelegate.m */ = {isa = PBXFileReference; lastKnownFileType = sourcecode.c.objc; path = AppDelegate.m; sourceTree = "<group>"; };
		46D6865F201F1DC600521590 /* ViewController.h */ = {isa = PBXFileReference; lastKnownFileType = sourcecode.c.h; path = ViewController.h; sourceTree = "<group>"; };
		46D68660201F1DC600521590 /* ViewController.m */ = {isa = PBXFileReference; lastKnownFileType = sourcecode.c.objc; path = ViewController.m; sourceTree = "<group>"; };
		46D68663201F1DC600521590 /* Base */ = {isa = PBXFileReference; lastKnownFileType = file.storyboard; name = Base; path = Base.lproj/Main.storyboard; sourceTree = "<group>"; };
		46D68665201F1DC600521590 /* Assets.xcassets */ = {isa = PBXFileReference; lastKnownFileType = folder.assetcatalog; path = Assets.xcassets; sourceTree = "<group>"; };
		46D68668201F1DC600521590 /* Base */ = {isa = PBXFileReference; lastKnownFileType = file.storyboard; name = Base; path = Base.lproj/LaunchScreen.storyboard; sourceTree = "<group>"; };
		46D6866A201F1DC600521590 /* Info.plist */ = {isa = PBXFileReference; lastKnownFileType = text.plist.xml; path = Info.plist; sourceTree = "<group>"; };
		46D6866B201F1DC600521590 /* main.m */ = {isa = PBXFileReference; lastKnownFileType = sourcecode.c.objc; path = main.m; sourceTree = "<group>"; };
		46D68676201F29A200521590 /* ZYSGoodsDetailServiceProvide.h */ = {isa = PBXFileReference; fileEncoding = 4; lastKnownFileType = sourcecode.c.h; path = ZYSGoodsDetailServiceProvide.h; sourceTree = "<group>"; };
		46D68677201F29A200521590 /* ZYSGoodsDetailServiceProvide.m */ = {isa = PBXFileReference; fileEncoding = 4; lastKnownFileType = sourcecode.c.objc; path = ZYSGoodsDetailServiceProvide.m; sourceTree = "<group>"; };
		46D68679201F29C100521590 /* ZYSGoodsDetailViewController.h */ = {isa = PBXFileReference; lastKnownFileType = sourcecode.c.h; path = ZYSGoodsDetailViewController.h; sourceTree = "<group>"; };
		46D6867A201F29C100521590 /* ZYSGoodsDetailViewController.m */ = {isa = PBXFileReference; lastKnownFileType = sourcecode.c.objc; path = ZYSGoodsDetailViewController.m; sourceTree = "<group>"; };
		840AE86044F5A86993844C3F /* Pods-ZYSGoodsDetail.release.xcconfig */ = {isa = PBXFileReference; includeInIndex = 1; lastKnownFileType = text.xcconfig; name = "Pods-ZYSGoodsDetail.release.xcconfig"; path = "Pods/Target Support Files/Pods-ZYSGoodsDetail/Pods-ZYSGoodsDetail.release.xcconfig"; sourceTree = "<group>"; };
		F30D7B8FFC66A9A11CD527D9 /* libPods-ZYSGoodsDetail.a */ = {isa = PBXFileReference; explicitFileType = archive.ar; includeInIndex = 0; path = "libPods-ZYSGoodsDetail.a"; sourceTree = BUILT_PRODUCTS_DIR; };
/* End PBXFileReference section */

/* Begin PBXFrameworksBuildPhase section */
		46D68656201F1DC600521590 /* Frameworks */ = {
			isa = PBXFrameworksBuildPhase;
			buildActionMask = 2147483647;
			files = (
				5345FED1C7B3B285B128225A /* libPods-ZYSGoodsDetail.a in Frameworks */,
			);
			runOnlyForDeploymentPostprocessing = 0;
		};
/* End PBXFrameworksBuildPhase section */

/* Begin PBXGroup section */
		46D68650201F1DC600521590 = {
			isa = PBXGroup;
			children = (
				46D6865B201F1DC600521590 /* ZYSGoodsDetail */,
				46D6865A201F1DC600521590 /* Products */,
				BF90FA8965D2A0A42C2DB383 /* Pods */,
				5B4613E83B71376CB14345E8 /* Frameworks */,
			);
			sourceTree = "<group>";
		};
		46D6865A201F1DC600521590 /* Products */ = {
			isa = PBXGroup;
			children = (
				46D68659201F1DC600521590 /* ZYSGoodsDetail.app */,
			);
			name = Products;
			sourceTree = "<group>";
		};
		46D6865B201F1DC600521590 /* ZYSGoodsDetail */ = {
			isa = PBXGroup;
			children = (
				46D68675201F29A200521590 /* ZYSGoodsDetail */,
				46D6865C201F1DC600521590 /* AppDelegate.h */,
				46D6865D201F1DC600521590 /* AppDelegate.m */,
				46D6865F201F1DC600521590 /* ViewController.h */,
				46D68660201F1DC600521590 /* ViewController.m */,
				46D68662201F1DC600521590 /* Main.storyboard */,
				46D68665201F1DC600521590 /* Assets.xcassets */,
				46D68667201F1DC600521590 /* LaunchScreen.storyboard */,
				46D6866A201F1DC600521590 /* Info.plist */,
				46D6866B201F1DC600521590 /* main.m */,
			);
			path = ZYSGoodsDetail;
			sourceTree = "<group>";
		};
		46D68675201F29A200521590 /* ZYSGoodsDetail */ = {
			isa = PBXGroup;
			children = (
				46D68676201F29A200521590 /* ZYSGoodsDetailServiceProvide.h */,
				46D68677201F29A200521590 /* ZYSGoodsDetailServiceProvide.m */,
				46D68679201F29C100521590 /* ZYSGoodsDetailViewController.h */,
				46D6867A201F29C100521590 /* ZYSGoodsDetailViewController.m */,
			);
			path = ZYSGoodsDetail;
			sourceTree = "<group>";
		};
		5B4613E83B71376CB14345E8 /* Frameworks */ = {
			isa = PBXGroup;
			children = (
				F30D7B8FFC66A9A11CD527D9 /* libPods-ZYSGoodsDetail.a */,
			);
			name = Frameworks;
			sourceTree = "<group>";
		};
		BF90FA8965D2A0A42C2DB383 /* Pods */ = {
			isa = PBXGroup;
			children = (
				42B81AD67CDAB83FB8965470 /* Pods-ZYSGoodsDetail.debug.xcconfig */,
				840AE86044F5A86993844C3F /* Pods-ZYSGoodsDetail.release.xcconfig */,
			);
			name = Pods;
			sourceTree = "<group>";
		};
/* End PBXGroup section */

/* Begin PBXNativeTarget section */
		46D68658201F1DC600521590 /* ZYSGoodsDetail */ = {
			isa = PBXNativeTarget;
			buildConfigurationList = 46D6866F201F1DC600521590 /* Build configuration list for PBXNativeTarget "ZYSGoodsDetail" */;
			buildPhases = (
				382C7A6CA7BD78B46D90C04B /* [CP] Check Pods Manifest.lock */,
				46D68655201F1DC600521590 /* Sources */,
				46D68656201F1DC600521590 /* Frameworks */,
				46D68657201F1DC600521590 /* Resources */,
				9783360A75A2724A04D3CDCD /* [CP] Embed Pods Frameworks */,
				11704A3E3335BFA52ACDE2FB /* [CP] Copy Pods Resources */,
			);
			buildRules = (
			);
			dependencies = (
			);
			name = ZYSGoodsDetail;
			productName = ZYSGoodsDetail;
			productReference = 46D68659201F1DC600521590 /* ZYSGoodsDetail.app */;
			productType = "com.apple.product-type.application";
		};
/* End PBXNativeTarget section */

/* Begin PBXProject section */
		46D68651201F1DC600521590 /* Project object */ = {
			isa = PBXProject;
			attributes = {
				LastUpgradeCheck = 0920;
				ORGANIZATIONNAME = ideal;
				TargetAttributes = {
					46D68658201F1DC600521590 = {
						CreatedOnToolsVersion = 9.2;
						ProvisioningStyle = Automatic;
					};
				};
			};
			buildConfigurationList = 46D68654201F1DC600521590 /* Build configuration list for PBXProject "ZYSGoodsDetail" */;
			compatibilityVersion = "Xcode 8.0";
			developmentRegion = en;
			hasScannedForEncodings = 0;
			knownRegions = (
				en,
				Base,
			);
			mainGroup = 46D68650201F1DC600521590;
			productRefGroup = 46D6865A201F1DC600521590 /* Products */;
			projectDirPath = "";
			projectRoot = "";
			targets = (
				46D68658201F1DC600521590 /* ZYSGoodsDetail */,
			);
		};
/* End PBXProject section */

/* Begin PBXResourcesBuildPhase section */
		46D68657201F1DC600521590 /* Resources */ = {
			isa = PBXResourcesBuildPhase;
			buildActionMask = 2147483647;
			files = (
				46D68669201F1DC600521590 /* LaunchScreen.storyboard in Resources */,
				46D68666201F1DC600521590 /* Assets.xcassets in Resources */,
				46D68664201F1DC600521590 /* Main.storyboard in Resources */,
			);
			runOnlyForDeploymentPostprocessing = 0;
		};
/* End PBXResourcesBuildPhase section */

/* Begin PBXShellScriptBuildPhase section */
		11704A3E3335BFA52ACDE2FB /* [CP] Copy Pods Resources */ = {
			isa = PBXShellScriptBuildPhase;
			buildActionMask = 2147483647;
			files = (
			);
			inputPaths = (
			);
			name = "[CP] Copy Pods Resources";
			outputPaths = (
			);
			runOnlyForDeploymentPostprocessing = 0;
			shellPath = /bin/sh;
			shellScript = "\"${SRCROOT}/Pods/Target Support Files/Pods-ZYSGoodsDetail/Pods-ZYSGoodsDetail-resources.sh\"\n";
			showEnvVarsInLog = 0;
		};
		382C7A6CA7BD78B46D90C04B /* [CP] Check Pods Manifest.lock */ = {
			isa = PBXShellScriptBuildPhase;
			buildActionMask = 2147483647;
			files = (
			);
			inputPaths = (
				"${PODS_PODFILE_DIR_PATH}/Podfile.lock",
				"${PODS_ROOT}/Manifest.lock",
			);
			name = "[CP] Check Pods Manifest.lock";
			outputPaths = (
				"$(DERIVED_FILE_DIR)/Pods-ZYSGoodsDetail-checkManifestLockResult.txt",
			);
			runOnlyForDeploymentPostprocessing = 0;
			shellPath = /bin/sh;
			shellScript = "diff \"${PODS_PODFILE_DIR_PATH}/Podfile.lock\" \"${PODS_ROOT}/Manifest.lock\" > /dev/null\nif [ $? != 0 ] ; then\n    # print error to STDERR\n    echo \"error: The sandbox is not in sync with the Podfile.lock. Run 'pod install' or update your CocoaPods installation.\" >&2\n    exit 1\nfi\n# This output is used by Xcode 'outputs' to avoid re-running this script phase.\necho \"SUCCESS\" > \"${SCRIPT_OUTPUT_FILE_0}\"\n";
			showEnvVarsInLog = 0;
		};
		9783360A75A2724A04D3CDCD /* [CP] Embed Pods Frameworks */ = {
			isa = PBXShellScriptBuildPhase;
			buildActionMask = 2147483647;
			files = (
			);
			inputPaths = (
			);
			name = "[CP] Embed Pods Frameworks";
			outputPaths = (
			);
			runOnlyForDeploymentPostprocessing = 0;
			shellPath = /bin/sh;
			shellScript = "\"${SRCROOT}/Pods/Target Support Files/Pods-ZYSGoodsDetail/Pods-ZYSGoodsDetail-frameworks.sh\"\n";
			showEnvVarsInLog = 0;
		};
/* End PBXShellScriptBuildPhase section */

/* Begin PBXSourcesBuildPhase section */
		46D68655201F1DC600521590 /* Sources */ = {
			isa = PBXSourcesBuildPhase;
			buildActionMask = 2147483647;
			files = (
				46D68678201F29A200521590 /* ZYSGoodsDetailServiceProvide.m in Sources */,
				46D68661201F1DC600521590 /* ViewController.m in Sources */,
				46D6866C201F1DC600521590 /* main.m in Sources */,
				46D6867B201F29C100521590 /* ZYSGoodsDetailViewController.m in Sources */,
				46D6865E201F1DC600521590 /* AppDelegate.m in Sources */,
			);
			runOnlyForDeploymentPostprocessing = 0;
		};
/* End PBXSourcesBuildPhase section */

/* Begin PBXVariantGroup section */
		46D68662201F1DC600521590 /* Main.storyboard */ = {
			isa = PBXVariantGroup;
			children = (
				46D68663201F1DC600521590 /* Base */,
			);
			name = Main.storyboard;
			sourceTree = "<group>";
		};
		46D68667201F1DC600521590 /* LaunchScreen.storyboard */ = {
			isa = PBXVariantGroup;
			children = (
				46D68668201F1DC600521590 /* Base */,
			);
			name = LaunchScreen.storyboard;
			sourceTree = "<group>";
		};
/* End PBXVariantGroup section */

/* Begin XCBuildConfiguration section */
		46D6866D201F1DC600521590 /* Debug */ = {
			isa = XCBuildConfiguration;
			buildSettings = {
				ALWAYS_SEARCH_USER_PATHS = NO;
				CLANG_ANALYZER_NONNULL = YES;
				CLANG_ANALYZER_NUMBER_OBJECT_CONVERSION = YES_AGGRESSIVE;
				CLANG_CXX_LANGUAGE_STANDARD = "gnu++14";
				CLANG_CXX_LIBRARY = "libc++";
				CLANG_ENABLE_MODULES = YES;
				CLANG_ENABLE_OBJC_ARC = YES;
				CLANG_WARN_BLOCK_CAPTURE_AUTORELEASING = YES;
				CLANG_WARN_BOOL_CONVERSION = YES;
				CLANG_WARN_COMMA = YES;
				CLANG_WARN_CONSTANT_CONVERSION = YES;
				CLANG_WARN_DIRECT_OBJC_ISA_USAGE = YES_ERROR;
				CLANG_WARN_DOCUMENTATION_COMMENTS = YES;
				CLANG_WARN_EMPTY_BODY = YES;
				CLANG_WARN_ENUM_CONVERSION = YES;
				CLANG_WARN_INFINITE_RECURSION = YES;
				CLANG_WARN_INT_CONVERSION = YES;
				CLANG_WARN_NON_LITERAL_NULL_CONVERSION = YES;
				CLANG_WARN_OBJC_LITERAL_CONVERSION = YES;
				CLANG_WARN_OBJC_ROOT_CLASS = YES_ERROR;
				CLANG_WARN_RANGE_LOOP_ANALYSIS = YES;
				CLANG_WARN_STRICT_PROTOTYPES = YES;
				CLANG_WARN_SUSPICIOUS_MOVE = YES;
				CLANG_WARN_UNGUARDED_AVAILABILITY = YES_AGGRESSIVE;
				CLANG_WARN_UNREACHABLE_CODE = YES;
				CLANG_WARN__DUPLICATE_METHOD_MATCH = YES;
				CODE_SIGN_IDENTITY = "iPhone Developer";
				COPY_PHASE_STRIP = NO;
				DEBUG_INFORMATION_FORMAT = dwarf;
				ENABLE_STRICT_OBJC_MSGSEND = YES;
				ENABLE_TESTABILITY = YES;
				GCC_C_LANGUAGE_STANDARD = gnu11;
				GCC_DYNAMIC_NO_PIC = NO;
				GCC_NO_COMMON_BLOCKS = YES;
				GCC_OPTIMIZATION_LEVEL = 0;
				GCC_PREPROCESSOR_DEFINITIONS = (
					"DEBUG=1",
					"$(inherited)",
				);
				GCC_WARN_64_TO_32_BIT_CONVERSION = YES;
				GCC_WARN_ABOUT_RETURN_TYPE = YES_ERROR;
				GCC_WARN_UNDECLARED_SELECTOR = YES;
				GCC_WARN_UNINITIALIZED_AUTOS = YES_AGGRESSIVE;
				GCC_WARN_UNUSED_FUNCTION = YES;
				GCC_WARN_UNUSED_VARIABLE = YES;
				IPHONEOS_DEPLOYMENT_TARGET = 11.2;
				MTL_ENABLE_DEBUG_INFO = YES;
				ONLY_ACTIVE_ARCH = YES;
				SDKROOT = iphoneos;
			};
			name = Debug;
		};
		46D6866E201F1DC600521590 /* Release */ = {
			isa = XCBuildConfiguration;
			buildSettings = {
				ALWAYS_SEARCH_USER_PATHS = NO;
				CLANG_ANALYZER_NONNULL = YES;
				CLANG_ANALYZER_NUMBER_OBJECT_CONVERSION = YES_AGGRESSIVE;
				CLANG_CXX_LANGUAGE_STANDARD = "gnu++14";
				CLANG_CXX_LIBRARY = "libc++";
				CLANG_ENABLE_MODULES = YES;
				CLANG_ENABLE_OBJC_ARC = YES;
				CLANG_WARN_BLOCK_CAPTURE_AUTORELEASING = YES;
				CLANG_WARN_BOOL_CONVERSION = YES;
				CLANG_WARN_COMMA = YES;
				CLANG_WARN_CONSTANT_CONVERSION = YES;
				CLANG_WARN_DIRECT_OBJC_ISA_USAGE = YES_ERROR;
				CLANG_WARN_DOCUMENTATION_COMMENTS = YES;
				CLANG_WARN_EMPTY_BODY = YES;
				CLANG_WARN_ENUM_CONVERSION = YES;
				CLANG_WARN_INFINITE_RECURSION = YES;
				CLANG_WARN_INT_CONVERSION = YES;
				CLANG_WARN_NON_LITERAL_NULL_CONVERSION = YES;
				CLANG_WARN_OBJC_LITERAL_CONVERSION = YES;
				CLANG_WARN_OBJC_ROOT_CLASS = YES_ERROR;
				CLANG_WARN_RANGE_LOOP_ANALYSIS = YES;
				CLANG_WARN_STRICT_PROTOTYPES = YES;
				CLANG_WARN_SUSPICIOUS_MOVE = YES;
				CLANG_WARN_UNGUARDED_AVAILABILITY = YES_AGGRESSIVE;
				CLANG_WARN_UNREACHABLE_CODE = YES;
				CLANG_WARN__DUPLICATE_METHOD_MATCH = YES;
				CODE_SIGN_IDENTITY = "iPhone Developer";
				COPY_PHASE_STRIP = NO;
				DEBUG_INFORMATION_FORMAT = "dwarf-with-dsym";
				ENABLE_NS_ASSERTIONS = NO;
				ENABLE_STRICT_OBJC_MSGSEND = YES;
				GCC_C_LANGUAGE_STANDARD = gnu11;
				GCC_NO_COMMON_BLOCKS = YES;
				GCC_WARN_64_TO_32_BIT_CONVERSION = YES;
				GCC_WARN_ABOUT_RETURN_TYPE = YES_ERROR;
				GCC_WARN_UNDECLARED_SELECTOR = YES;
				GCC_WARN_UNINITIALIZED_AUTOS = YES_AGGRESSIVE;
				GCC_WARN_UNUSED_FUNCTION = YES;
				GCC_WARN_UNUSED_VARIABLE = YES;
				IPHONEOS_DEPLOYMENT_TARGET = 11.2;
				MTL_ENABLE_DEBUG_INFO = NO;
				SDKROOT = iphoneos;
				VALIDATE_PRODUCT = YES;
			};
			name = Release;
		};
		46D68670201F1DC600521590 /* Debug */ = {
			isa = XCBuildConfiguration;
			baseConfigurationReference = 42B81AD67CDAB83FB8965470 /* Pods-ZYSGoodsDetail.debug.xcconfig */;
			buildSettings = {
				ASSETCATALOG_COMPILER_APPICON_NAME = AppIcon;
				CODE_SIGN_STYLE = Automatic;
				DEVELOPMENT_TEAM = 63S8CSCKKU;
				INFOPLIST_FILE = ZYSGoodsDetail/Info.plist;
				LD_RUNPATH_SEARCH_PATHS = "$(inherited) @executable_path/Frameworks";
				PRODUCT_BUNDLE_IDENTIFIER = com.ideal.ZYSGoodsDetail;
				PRODUCT_NAME = "$(TARGET_NAME)";
				TARGETED_DEVICE_FAMILY = "1,2";
			};
			name = Debug;
		};
		46D68671201F1DC600521590 /* Release */ = {
			isa = XCBuildConfiguration;
			baseConfigurationReference = 840AE86044F5A86993844C3F /* Pods-ZYSGoodsDetail.release.xcconfig */;
			buildSettings = {
				ASSETCATALOG_COMPILER_APPICON_NAME = AppIcon;
				CODE_SIGN_STYLE = Automatic;
				DEVELOPMENT_TEAM = 63S8CSCKKU;
				INFOPLIST_FILE = ZYSGoodsDetail/Info.plist;
				LD_RUNPATH_SEARCH_PATHS = "$(inherited) @executable_path/Frameworks";
				PRODUCT_BUNDLE_IDENTIFIER = com.ideal.ZYSGoodsDetail;
				PRODUCT_NAME = "$(TARGET_NAME)";
				TARGETED_DEVICE_FAMILY = "1,2";
			};
			name = Release;
		};
/* End XCBuildConfiguration section */

/* Begin XCConfigurationList section */
		46D68654201F1DC600521590 /* Build configuration list for PBXProject "ZYSGoodsDetail" */ = {
			isa = XCConfigurationList;
			buildConfigurations = (
				46D6866D201F1DC600521590 /* Debug */,
				46D6866E201F1DC600521590 /* Release */,
			);
			defaultConfigurationIsVisible = 0;
			defaultConfigurationName = Release;
		};
		46D6866F201F1DC600521590 /* Build configuration list for PBXNativeTarget "ZYSGoodsDetail" */ = {
			isa = XCConfigurationList;
			buildConfigurations = (
				46D68670201F1DC600521590 /* Debug */,
				46D68671201F1DC600521590 /* Release */,
			);
			defaultConfigurationIsVisible = 0;
			defaultConfigurationName = Release;
		};
/* End XCConfigurationList section */
	};
	rootObject = 46D68651201F1DC600521590 /* Project object */;
}
